
Microsoft Visual Studio Solution File, Format Version 12.00
# Visual Studio Version 17
VisualStudioVersion = 17.10.35122.118
MinimumVisualStudioVersion = 10.0.40219.1
Project("{9A19103F-16F7-4668-BE54-9A1E7A4F7556}") = "MessageSenderQuestions", "MessageSenderQuestions.csproj", "{38EF8325-E27C-4E61-AC7B-ADEB0417715F}"
EndProject
Global
	GlobalSection(SolutionConfigurationPlatforms) = preSolution
		Debug|Any CPU = Debug|Any CPU
		Release|Any CPU = Release|Any CPU
	EndGlobalSection
	GlobalSection(ProjectConfigurationPlatforms) = postSolution
		{38EF8325-E27C-4E61-AC7B-ADEB0417715F}.Debug|Any CPU.ActiveCfg = Debug|Any CPU
		{38EF8325-E27C-4E61-AC7B-ADEB0417715F}.Debug|Any CPU.Build.0 = Debug|Any CPU
		{38EF8325-E27C-4E61-AC7B-ADEB0417715F}.Release|Any CPU.ActiveCfg = Release|Any CPU
		{38EF8325-E27C-4E61-AC7B-ADEB0417715F}.Release|Any CPU.Build.0 = Release|Any CPU
	EndGlobalSection
	GlobalSection(SolutionProperties) = preSolution
		HideSolutionNode = FALSE
	EndGlobalSection
	GlobalSection(ExtensibilityGlobals) = postSolution
		SolutionGuid = {647C30EF-7351-4AC3-BACE-837ED103833E}
	EndGlobalSection
EndGlobal
